
Microsoft Visual Studio Solution File, Format Version 12.00
# Visual Studio Version 16
VisualStudioVersion = 16.0.29613.14
MinimumVisualStudioVersion = 10.0.40219.1
Project("{FAE04EC0-301F-11D3-BF4B-00C04F79EFBC}") = "BasicLogin", "BasicLogin\BasicLogin.csproj", "{1DD6BA8C-EB15-4040-B161-8A6CA35B0551}"
EndProject
Project("{FAE04EC0-301F-11D3-BF4B-00C04F79EFBC}") = "Playground", "Playground\Playground.csproj", "{99CCA555-BC39-4AC6-8D0F-E8383F1E99C9}"
EndProject
Global
	GlobalSection(SolutionConfigurationPlatforms) = preSolution
		Debug|Any CPU = Debug|Any CPU
		Release|Any CPU = Release|Any CPU
	EndGlobalSection
	GlobalSection(ProjectConfigurationPlatforms) = postSolution
		{1DD6BA8C-EB15-4040-B161-8A6CA35B0551}.Debug|Any CPU.ActiveCfg = Debug|Any CPU
		{1DD6BA8C-EB15-4040-B161-8A6CA35B0551}.Debug|Any CPU.Build.0 = Debug|Any CPU
		{1DD6BA8C-EB15-4040-B161-8A6CA35B0551}.Release|Any CPU.ActiveCfg = Release|Any CPU
		{1DD6BA8C-EB15-4040-B161-8A6CA35B0551}.Release|Any CPU.Build.0 = Release|Any CPU
		{99CCA555-BC39-4AC6-8D0F-E8383F1E99C9}.Debug|Any CPU.ActiveCfg = Debug|Any CPU
		{99CCA555-BC39-4AC6-8D0F-E8383F1E99C9}.Debug|Any CPU.Build.0 = Debug|Any CPU
		{99CCA555-BC39-4AC6-8D0F-E8383F1E99C9}.Release|Any CPU.ActiveCfg = Release|Any CPU
		{99CCA555-BC39-4AC6-8D0F-E8383F1E99C9}.Release|Any CPU.Build.0 = Release|Any CPU
	EndGlobalSection
	GlobalSection(SolutionProperties) = preSolution
		HideSolutionNode = FALSE
	EndGlobalSection
	GlobalSection(ExtensibilityGlobals) = postSolution
		SolutionGuid = {D2014208-56B8-4F1D-9C86-7A5E41B5E6F2}
	EndGlobalSection
EndGlobal
